
Microsoft Visual Studio Solution File, Format Version 12.00
# Visual Studio Version 16
VisualStudioVersion = 16.0.30523.141
MinimumVisualStudioVersion = 10.0.40219.1
Project("{2150E333-8FDC-42A3-9474-1A3956D46DE8}") = "1 - View", "1 - View", "{07478058-A1DE-43AF-9200-4C3B828B84D6}"
EndProject
Project("{2150E333-8FDC-42A3-9474-1A3956D46DE8}") = "2 - Service", "2 - Service", "{A8D5BC95-3512-4DCF-9BE0-52243DFBFB1D}"
EndProject
Project("{2150E333-8FDC-42A3-9474-1A3956D46DE8}") = "3 - Application", "3 - Application", "{9ACF81EF-0F93-45F4-BB02-ABC8D2C0EE23}"
EndProject
Project("{2150E333-8FDC-42A3-9474-1A3956D46DE8}") = "4 - Domain", "4 - Domain", "{B5F134F2-516E-49B7-8748-6CA61B7E4C3A}"
EndProject
Project("{2150E333-8FDC-42A3-9474-1A3956D46DE8}") = "5 - Infra", "5 - Infra", "{F4445378-665F-46C0-AEBB-9FCA38EBF2E3}"
EndProject
Project("{2150E333-8FDC-42A3-9474-1A3956D46DE8}") = "5.1 - Data", "5.1 - Data", "{9370E2D4-018C-4650-99FC-FC4072BEB016}"
EndProject
Project("{2150E333-8FDC-42A3-9474-1A3956D46DE8}") = "5.2 - CrossCutting", "5.2 - CrossCutting", "{7A40FCFE-3DC7-4EF0-BCD9-F367641EC102}"
EndProject
Project("{9A19103F-16F7-4668-BE54-9A1E7A4F7556}") = "IWA.Challenge.Chat.View.Razor", "IWA.Challenge.Chat.View.Razor\IWA.Challenge.Chat.View.Razor.csproj", "{0CABB775-19A5-41A0-B929-7FBCCF914E6C}"
EndProject
Project("{9A19103F-16F7-4668-BE54-9A1E7A4F7556}") = "IWA.Challenge.Chat.Service", "IWA.Challenge.Chat.Service\IWA.Challenge.Chat.Service.csproj", "{648AD0AA-EA75-4B66-9D4C-0F54292A6183}"
EndProject
Project("{9A19103F-16F7-4668-BE54-9A1E7A4F7556}") = "IWA.Challenge.Chat.Domain", "IWA.Challenge.Chat.Domain\IWA.Challenge.Chat.Domain.csproj", "{2362BD3E-DE1A-48B7-B3C3-65944DFA25B4}"
EndProject
Project("{9A19103F-16F7-4668-BE54-9A1E7A4F7556}") = "IWA.Challenge.Chat.Infra.Data", "IWA.Challenge.Chat.Infra.Data\IWA.Challenge.Chat.Infra.Data.csproj", "{36480269-52C1-402E-A598-5D735FCC298F}"
EndProject
Project("{FAE04EC0-301F-11D3-BF4B-00C04F79EFBC}") = "IWA.Challenge.Chat.Application", "IWA.Challenge.Chat.Application\IWA.Challenge.Chat.Application.csproj", "{F69D3EA5-2CC7-406F-B3C5-E7C71915941D}"
EndProject
Global
	GlobalSection(SolutionConfigurationPlatforms) = preSolution
		Debug|Any CPU = Debug|Any CPU
		Release|Any CPU = Release|Any CPU
	EndGlobalSection
	GlobalSection(ProjectConfigurationPlatforms) = postSolution
		{0CABB775-19A5-41A0-B929-7FBCCF914E6C}.Debug|Any CPU.ActiveCfg = Debug|Any CPU
		{0CABB775-19A5-41A0-B929-7FBCCF914E6C}.Debug|Any CPU.Build.0 = Debug|Any CPU
		{0CABB775-19A5-41A0-B929-7FBCCF914E6C}.Release|Any CPU.ActiveCfg = Release|Any CPU
		{0CABB775-19A5-41A0-B929-7FBCCF914E6C}.Release|Any CPU.Build.0 = Release|Any CPU
		{648AD0AA-EA75-4B66-9D4C-0F54292A6183}.Debug|Any CPU.ActiveCfg = Debug|Any CPU
		{648AD0AA-EA75-4B66-9D4C-0F54292A6183}.Debug|Any CPU.Build.0 = Debug|Any CPU
		{648AD0AA-EA75-4B66-9D4C-0F54292A6183}.Release|Any CPU.ActiveCfg = Release|Any CPU
		{648AD0AA-EA75-4B66-9D4C-0F54292A6183}.Release|Any CPU.Build.0 = Release|Any CPU
		{2362BD3E-DE1A-48B7-B3C3-65944DFA25B4}.Debug|Any CPU.ActiveCfg = Debug|Any CPU
		{2362BD3E-DE1A-48B7-B3C3-65944DFA25B4}.Debug|Any CPU.Build.0 = Debug|Any CPU
		{2362BD3E-DE1A-48B7-B3C3-65944DFA25B4}.Release|Any CPU.ActiveCfg = Release|Any CPU
		{2362BD3E-DE1A-48B7-B3C3-65944DFA25B4}.Release|Any CPU.Build.0 = Release|Any CPU
		{36480269-52C1-402E-A598-5D735FCC298F}.Debug|Any CPU.ActiveCfg = Debug|Any CPU
		{36480269-52C1-402E-A598-5D735FCC298F}.Debug|Any CPU.Build.0 = Debug|Any CPU
		{36480269-52C1-402E-A598-5D735FCC298F}.Release|Any CPU.ActiveCfg = Release|Any CPU
		{36480269-52C1-402E-A598-5D735FCC298F}.Release|Any CPU.Build.0 = Release|Any CPU
		{F69D3EA5-2CC7-406F-B3C5-E7C71915941D}.Debug|Any CPU.ActiveCfg = Debug|Any CPU
		{F69D3EA5-2CC7-406F-B3C5-E7C71915941D}.Debug|Any CPU.Build.0 = Debug|Any CPU
		{F69D3EA5-2CC7-406F-B3C5-E7C71915941D}.Release|Any CPU.ActiveCfg = Release|Any CPU
		{F69D3EA5-2CC7-406F-B3C5-E7C71915941D}.Release|Any CPU.Build.0 = Release|Any CPU
	EndGlobalSection
	GlobalSection(SolutionProperties) = preSolution
		HideSolutionNode = FALSE
	EndGlobalSection
	GlobalSection(NestedProjects) = preSolution
		{9370E2D4-018C-4650-99FC-FC4072BEB016} = {F4445378-665F-46C0-AEBB-9FCA38EBF2E3}
		{7A40FCFE-3DC7-4EF0-BCD9-F367641EC102} = {F4445378-665F-46C0-AEBB-9FCA38EBF2E3}
		{0CABB775-19A5-41A0-B929-7FBCCF914E6C} = {07478058-A1DE-43AF-9200-4C3B828B84D6}
		{648AD0AA-EA75-4B66-9D4C-0F54292A6183} = {A8D5BC95-3512-4DCF-9BE0-52243DFBFB1D}
		{2362BD3E-DE1A-48B7-B3C3-65944DFA25B4} = {B5F134F2-516E-49B7-8748-6CA61B7E4C3A}
		{36480269-52C1-402E-A598-5D735FCC298F} = {9370E2D4-018C-4650-99FC-FC4072BEB016}
		{F69D3EA5-2CC7-406F-B3C5-E7C71915941D} = {9ACF81EF-0F93-45F4-BB02-ABC8D2C0EE23}
	EndGlobalSection
	GlobalSection(ExtensibilityGlobals) = postSolution
		SolutionGuid = {B007CFAF-AF93-4BE5-A93B-2D82214B2555}
	EndGlobalSection
EndGlobal
